
Microsoft Visual Studio Solution File, Format Version 12.00
# Visual Studio 15
VisualStudioVersion = 15.0.27130.2036
MinimumVisualStudioVersion = 10.0.40219.1
Project("{FAE04EC0-301F-11D3-BF4B-00C04F79EFBC}") = "evenFibonacciNumbers", "evenFibonacciNumbers\evenFibonacciNumbers.csproj", "{CAB98F91-CEDD-438A-AF43-AD4DCEDD77D3}"
EndProject
Global
	GlobalSection(SolutionConfigurationPlatforms) = preSolution
		Debug|Any CPU = Debug|Any CPU
		Release|Any CPU = Release|Any CPU
	EndGlobalSection
	GlobalSection(ProjectConfigurationPlatforms) = postSolution
		{CAB98F91-CEDD-438A-AF43-AD4DCEDD77D3}.Debug|Any CPU.ActiveCfg = Debug|Any CPU
		{CAB98F91-CEDD-438A-AF43-AD4DCEDD77D3}.Debug|Any CPU.Build.0 = Debug|Any CPU
		{CAB98F91-CEDD-438A-AF43-AD4DCEDD77D3}.Release|Any CPU.ActiveCfg = Release|Any CPU
		{CAB98F91-CEDD-438A-AF43-AD4DCEDD77D3}.Release|Any CPU.Build.0 = Release|Any CPU
	EndGlobalSection
	GlobalSection(SolutionProperties) = preSolution
		HideSolutionNode = FALSE
	EndGlobalSection
	GlobalSection(ExtensibilityGlobals) = postSolution
		SolutionGuid = {7D708489-4B7F-43CE-BCD1-0D96DF454F38}
	EndGlobalSection
EndGlobal
